{
  "name": "@erickdronski/contexttest",
  "version": "0.3.0",
  "lockfileVersion": 3,
  "requires": true,
  "packages": {
    "": {
      "name": "@erickdronski/contexttest",
      "version": "0.3.0",
      "license": "MIT",
      "bin": {
        "contexttest": "src/cli.mjs"
      },
      "engines": {
        "node": ">=20.11"
      }
    }
  }
}
